Microsoft Visual Studio Solution File, Format Version 12.00
# Visual Studio Version 17
VisualStudioVersion = 17.5.2.0
MinimumVisualStudioVersion = 10.0.40219.1
Project("{2150E333-8FDC-42A3-9474-1A3956D46DE8}") = "microsservicos", "microsservicos", "{BAC80226-98FE-D0EF-9F3F-6190A23A8D96}"
EndProject
Project("{FAE04EC0-301F-11D3-BF4B-00C04F79EFBC}") = "Reserva", "microsservicos\Reserva\Reserva.csproj", "{0D204597-8701-83C5-9E63-DB2D27F5812B}"
EndProject
Global
	GlobalSection(SolutionConfigurationPlatforms) = preSolution
		Debug|Any CPU = Debug|Any CPU
		Release|Any CPU = Release|Any CPU
	EndGlobalSection
	GlobalSection(ProjectConfigurationPlatforms) = postSolution
		{0D204597-8701-83C5-9E63-DB2D27F5812B}.Debug|Any CPU.ActiveCfg = Debug|Any CPU
		{0D204597-8701-83C5-9E63-DB2D27F5812B}.Debug|Any CPU.Build.0 = Debug|Any CPU
		{0D204597-8701-83C5-9E63-DB2D27F5812B}.Release|Any CPU.ActiveCfg = Release|Any CPU
		{0D204597-8701-83C5-9E63-DB2D27F5812B}.Release|Any CPU.Build.0 = Release|Any CPU
	EndGlobalSection
	GlobalSection(SolutionProperties) = preSolution
		HideSolutionNode = FALSE
	EndGlobalSection
	GlobalSection(NestedProjects) = preSolution
		{0D204597-8701-83C5-9E63-DB2D27F5812B} = {BAC80226-98FE-D0EF-9F3F-6190A23A8D96}
	EndGlobalSection
	GlobalSection(ExtensibilityGlobals) = postSolution
		SolutionGuid = {07C09C01-6CA2-4664-BB1F-4E0C85EE619C}
	EndGlobalSection
EndGlobal
